
Microsoft Visual Studio Solution File, Format Version 12.00
# Visual Studio Version 16
VisualStudioVersion = 16.0.30330.147
MinimumVisualStudioVersion = 10.0.40219.1
Project("{FAE04EC0-301F-11D3-BF4B-00C04F79EFBC}") = "SampleProj", "SampleProj\SampleProj.csproj", "{8BBE8EC1-9C21-46C0-832E-41966079099F}"
EndProject
Global
	GlobalSection(SolutionConfigurationPlatforms) = preSolution
		Debug|Any CPU = Debug|Any CPU
		Release|Any CPU = Release|Any CPU
	EndGlobalSection
	GlobalSection(ProjectConfigurationPlatforms) = postSolution
		{8BBE8EC1-9C21-46C0-832E-41966079099F}.Debug|Any CPU.ActiveCfg = Debug|Any CPU
		{8BBE8EC1-9C21-46C0-832E-41966079099F}.Debug|Any CPU.Build.0 = Debug|Any CPU
		{8BBE8EC1-9C21-46C0-832E-41966079099F}.Release|Any CPU.ActiveCfg = Release|Any CPU
		{8BBE8EC1-9C21-46C0-832E-41966079099F}.Release|Any CPU.Build.0 = Release|Any CPU
	EndGlobalSection
	GlobalSection(SolutionProperties) = preSolution
		HideSolutionNode = FALSE
	EndGlobalSection
	GlobalSection(ExtensibilityGlobals) = postSolution
		SolutionGuid = {B42730A8-BC4D-4105-A2DD-A798DFB642D8}
	EndGlobalSection
EndGlobal
